// !$*UTF8*$!
{
	archiveVersion = 1;
	classes = {
	};
	objectVersion = 48;
	objects = {

/* Begin PBXBuildFile section */
		1C1996AB2017047600585A18 /* AppDelegate.swift in Sources */ = {isa = PBXBuildFile; fileRef = 1C1996AA2017047600585A18 /* AppDelegate.swift */; };
		1C1996AD2017047600585A18 /* ViewController.swift in Sources */ = {isa = PBXBuildFile; fileRef = 1C1996AC2017047600585A18 /* ViewController.swift */; };
		1C1996B02017047600585A18 /* Main.storyboard in Resources */ = {isa = PBXBuildFile; fileRef = 1C1996AE2017047600585A18 /* Main.storyboard */; };
		1C1996B22017047600585A18 /* Assets.xcassets in Resources */ = {isa = PBXBuildFile; fileRef = 1C1996B12017047600585A18 /* Assets.xcassets */; };
		1C1996B52017047600585A18 /* LaunchScreen.storyboard in Resources */ = {isa = PBXBuildFile; fileRef = 1C1996B32017047600585A18 /* LaunchScreen.storyboard */; };
		1C1996C02017047700585A18 /* alamofireplaygroundTests.swift in Sources */ = {isa = PBXBuildFile; fileRef = 1C1996BF2017047700585A18 /* alamofireplaygroundTests.swift */; };
		1C1996CB2017047700585A18 /* alamofireplaygroundUITests.swift in Sources */ = {isa = PBXBuildFile; fileRef = 1C1996CA2017047700585A18 /* alamofireplaygroundUITests.swift */; };
/* End PBXBuildFile section */

/* Begin PBXContainerItemProxy section */
		1C1996BC2017047700585A18 /* PBXContainerItemProxy */ = {
			isa = PBXContainerItemProxy;
			containerPortal = 1C19969F2017047600585A18 /* Project object */;
			proxyType = 1;
			remoteGlobalIDString = 1C1996A62017047600585A18;
			remoteInfo = alamofireplayground;
		};
		1C1996C72017047700585A18 /* PBXContainerItemProxy */ = {
			isa = PBXContainerItemProxy;
			containerPortal = 1C19969F2017047600585A18 /* Project object */;
			proxyType = 1;
			remoteGlobalIDString = 1C1996A62017047600585A18;
			remoteInfo = alamofireplayground;
		};
/* End PBXContainerItemProxy section */

/* Begin PBXFileReference section */
		1C1996A72017047600585A18 /* alamofireplayground.app */ = {isa = PBXFileReference; explicitFileType = wrapper.application; includeInIndex = 0; path = alamofireplayground.app; sourceTree = BUILT_PRODUCTS_DIR; };
		1C1996AA2017047600585A18 /* AppDelegate.swift */ = {isa = PBXFileReference; lastKnownFileType = sourcecode.swift; path = AppDelegate.swift; sourceTree = "<group>"; };
		1C1996AC2017047600585A18 /* ViewController.swift */ = {isa = PBXFileReference; lastKnownFileType = sourcecode.swift; path = ViewController.swift; sourceTree = "<group>"; };
		1C1996AF2017047600585A18 /* Base */ = {isa = PBXFileReference; lastKnownFileType = file.storyboard; name = Base; path = Base.lproj/Main.storyboard; sourceTree = "<group>"; };
		1C1996B12017047600585A18 /* Assets.xcassets */ = {isa = PBXFileReference; lastKnownFileType = folder.assetcatalog; path = Assets.xcassets; sourceTree = "<group>"; };
		1C1996B42017047600585A18 /* Base */ = {isa = PBXFileReference; lastKnownFileType = file.storyboard; name = Base; path = Base.lproj/LaunchScreen.storyboard; sourceTree = "<group>"; };
		1C1996B62017047600585A18 /* Info.plist */ = {isa = PBXFileReference; lastKnownFileType = text.plist.xml; path = Info.plist; sourceTree = "<group>"; };
		1C1996BB2017047700585A18 /* alamofireplaygroundTests.xctest */ = {isa = PBXFileReference; explicitFileType = wrapper.cfbundle; includeInIndex = 0; path = alamofireplaygroundTests.xctest; sourceTree = BUILT_PRODUCTS_DIR; };
		1C1996BF2017047700585A18 /* alamofireplaygroundTests.swift */ = {isa = PBXFileReference; lastKnownFileType = sourcecode.swift; path = alamofireplaygroundTests.swift; sourceTree = "<group>"; };
		1C1996C12017047700585A18 /* Info.plist */ = {isa = PBXFileReference; lastKnownFileType = text.plist.xml; path = Info.plist; sourceTree = "<group>"; };
		1C1996C62017047700585A18 /* alamofireplaygroundUITests.xctest */ = {isa = PBXFileReference; explicitFileType = wrapper.cfbundle; includeInIndex = 0; path = alamofireplaygroundUITests.xctest; sourceTree = BUILT_PRODUCTS_DIR; };
		1C1996CA2017047700585A18 /* alamofireplaygroundUITests.swift */ = {isa = PBXFileReference; lastKnownFileType = sourcecode.swift; path = alamofireplaygroundUITests.swift; sourceTree = "<group>"; };
		1C1996CC2017047700585A18 /* Info.plist */ = {isa = PBXFileReference; lastKnownFileType = text.plist.xml; path = Info.plist; sourceTree = "<group>"; };
/* End PBXFileReference section */

/* Begin PBXFrameworksBuildPhase section */
		1C1996A42017047600585A18 /* Frameworks */ = {
			isa = PBXFrameworksBuildPhase;
			buildActionMask = 2147483647;
			files = (
			);
			runOnlyForDeploymentPostprocessing = 0;
		};
		1C1996B82017047700585A18 /* Frameworks */ = {
			isa = PBXFrameworksBuildPhase;
			buildActionMask = 2147483647;
			files = (
			);
			runOnlyForDeploymentPostprocessing = 0;
		};
		1C1996C32017047700585A18 /* Frameworks */ = {
			isa = PBXFrameworksBuildPhase;
			buildActionMask = 2147483647;
			files = (
			);
			runOnlyForDeploymentPostprocessing = 0;
		};
/* End PBXFrameworksBuildPhase section */

/* Begin PBXGroup section */
		1C19969E2017047600585A18 = {
			isa = PBXGroup;
			children = (
				1C1996A92017047600585A18 /* alamofireplayground */,
				1C1996BE2017047700585A18 /* alamofireplaygroundTests */,
				1C1996C92017047700585A18 /* alamofireplaygroundUITests */,
				1C1996A82017047600585A18 /* Products */,
			);
			sourceTree = "<group>";
		};
		1C1996A82017047600585A18 /* Products */ = {
			isa = PBXGroup;
			children = (
				1C1996A72017047600585A18 /* alamofireplayground.app */,
				1C1996BB2017047700585A18 /* alamofireplaygroundTests.xctest */,
				1C1996C62017047700585A18 /* alamofireplaygroundUITests.xctest */,
			);
			name = Products;
			sourceTree = "<group>";
		};
		1C1996A92017047600585A18 /* alamofireplayground */ = {
			isa = PBXGroup;
			children = (
				1C1996AA2017047600585A18 /* AppDelegate.swift */,
				1C1996AC2017047600585A18 /* ViewController.swift */,
				1C1996AE2017047600585A18 /* Main.storyboard */,
				1C1996B12017047600585A18 /* Assets.xcassets */,
				1C1996B32017047600585A18 /* LaunchScreen.storyboard */,
				1C1996B62017047600585A18 /* Info.plist */,
			);
			path = alamofireplayground;
			sourceTree = "<group>";
		};
		1C1996BE2017047700585A18 /* alamofireplaygroundTests */ = {
			isa = PBXGroup;
			children = (
				1C1996BF2017047700585A18 /* alamofireplaygroundTests.swift */,
				1C1996C12017047700585A18 /* Info.plist */,
			);
			path = alamofireplaygroundTests;
			sourceTree = "<group>";
		};
		1C1996C92017047700585A18 /* alamofireplaygroundUITests */ = {
			isa = PBXGroup;
			children = (
				1C1996CA2017047700585A18 /* alamofireplaygroundUITests.swift */,
				1C1996CC2017047700585A18 /* Info.plist */,
			);
			path = alamofireplaygroundUITests;
			sourceTree = "<group>";
		};
/* End PBXGroup section */

/* Begin PBXNativeTarget section */
		1C1996A62017047600585A18 /* alamofireplayground */ = {
			isa = PBXNativeTarget;
			buildConfigurationList = 1C1996CF2017047700585A18 /* Build configuration list for PBXNativeTarget "alamofireplayground" */;
			buildPhases = (
				1C1996A32017047600585A18 /* Sources */,
				1C1996A42017047600585A18 /* Frameworks */,
				1C1996A52017047600585A18 /* Resources */,
			);
			buildRules = (
			);
			dependencies = (
			);
			name = alamofireplayground;
			productName = alamofireplayground;
			productReference = 1C1996A72017047600585A18 /* alamofireplayground.app */;
			productType = "com.apple.product-type.application";
		};
		1C1996BA2017047700585A18 /* alamofireplaygroundTests */ = {
			isa = PBXNativeTarget;
			buildConfigurationList = 1C1996D22017047700585A18 /* Build configuration list for PBXNativeTarget "alamofireplaygroundTests" */;
			buildPhases = (
				1C1996B72017047700585A18 /* Sources */,
				1C1996B82017047700585A18 /* Frameworks */,
				1C1996B92017047700585A18 /* Resources */,
			);
			buildRules = (
			);
			dependencies = (
				1C1996BD2017047700585A18 /* PBXTargetDependency */,
			);
			name = alamofireplaygroundTests;
			productName = alamofireplaygroundTests;
			productReference = 1C1996BB2017047700585A18 /* alamofireplaygroundTests.xctest */;
			productType = "com.apple.product-type.bundle.unit-test";
		};
		1C1996C52017047700585A18 /* alamofireplaygroundUITests */ = {
			isa = PBXNativeTarget;
			buildConfigurationList = 1C1996D52017047700585A18 /* Build configuration list for PBXNativeTarget "alamofireplaygroundUITests" */;
			buildPhases = (
				1C1996C22017047700585A18 /* Sources */,
				1C1996C32017047700585A18 /* Frameworks */,
				1C1996C42017047700585A18 /* Resources */,
			);
			buildRules = (
			);
			dependencies = (
				1C1996C82017047700585A18 /* PBXTargetDependency */,
			);
			name = alamofireplaygroundUITests;
			productName = alamofireplaygroundUITests;
			productReference = 1C1996C62017047700585A18 /* alamofireplaygroundUITests.xctest */;
			productType = "com.apple.product-type.bundle.ui-testing";
		};
/* End PBXNativeTarget section */

/* Begin PBXProject section */
		1C19969F2017047600585A18 /* Project object */ = {
			isa = PBXProject;
			attributes = {
				LastSwiftUpdateCheck = 0920;
				LastUpgradeCheck = 0920;
				ORGANIZATIONNAME = "Romy Ilano";
				TargetAttributes = {
					1C1996A62017047600585A18 = {
						CreatedOnToolsVersion = 9.2;
						ProvisioningStyle = Automatic;
					};
					1C1996BA2017047700585A18 = {
						CreatedOnToolsVersion = 9.2;
						ProvisioningStyle = Automatic;
						TestTargetID = 1C1996A62017047600585A18;
					};
					1C1996C52017047700585A18 = {
						CreatedOnToolsVersion = 9.2;
						ProvisioningStyle = Automatic;
						TestTargetID = 1C1996A62017047600585A18;
					};
				};
			};
			buildConfigurationList = 1C1996A22017047600585A18 /* Build configuration list for PBXProject "alamofireplayground" */;
			compatibilityVersion = "Xcode 8.0";
			developmentRegion = en;
			hasScannedForEncodings = 0;
			knownRegions = (
				en,
				Base,
			);
			mainGroup = 1C19969E2017047600585A18;
			productRefGroup = 1C1996A82017047600585A18 /* Products */;
			projectDirPath = "";
			projectRoot = "";
			targets = (
				1C1996A62017047600585A18 /* alamofireplayground */,
				1C1996BA2017047700585A18 /* alamofireplaygroundTests */,
				1C1996C52017047700585A18 /* alamofireplaygroundUITests */,
			);
		};
/* End PBXProject section */

/* Begin PBXResourcesBuildPhase section */
		1C1996A52017047600585A18 /* Resources */ = {
			isa = PBXResourcesBuildPhase;
			buildActionMask = 2147483647;
			files = (
				1C1996B52017047600585A18 /* LaunchScreen.storyboard in Resources */,
				1C1996B22017047600585A18 /* Assets.xcassets in Resources */,
				1C1996B02017047600585A18 /* Main.storyboard in Resources */,
			);
			runOnlyForDeploymentPostprocessing = 0;
		};
		1C1996B92017047700585A18 /* Resources */ = {
			isa = PBXResourcesBuildPhase;
			buildActionMask = 2147483647;
			files = (
			);
			runOnlyForDeploymentPostprocessing = 0;
		};
		1C1996C42017047700585A18 /* Resources */ = {
			isa = PBXResourcesBuildPhase;
			buildActionMask = 2147483647;
			files = (
			);
			runOnlyForDeploymentPostprocessing = 0;
		};
/* End PBXResourcesBuildPhase section */

/* Begin PBXSourcesBuildPhase section */
		1C1996A32017047600585A18 /* Sources */ = {
			isa = PBXSourcesBuildPhase;
			buildActionMask = 2147483647;
			files = (
				1C1996AD2017047600585A18 /* ViewController.swift in Sources */,
				1C1996AB2017047600585A18 /* AppDelegate.swift in Sources */,
			);
			runOnlyForDeploymentPostprocessing = 0;
		};
		1C1996B72017047700585A18 /* Sources */ = {
			isa = PBXSourcesBuildPhase;
			buildActionMask = 2147483647;
			files = (
				1C1996C02017047700585A18 /* alamofireplaygroundTests.swift in Sources */,
			);
			runOnlyForDeploymentPostprocessing = 0;
		};
		1C1996C22017047700585A18 /* Sources */ = {
			isa = PBXSourcesBuildPhase;
			buildActionMask = 2147483647;
			files = (
				1C1996CB2017047700585A18 /* alamofireplaygroundUITests.swift in Sources */,
			);
			runOnlyForDeploymentPostprocessing = 0;
		};
/* End PBXSourcesBuildPhase section */

/* Begin PBXTargetDependency section */
		1C1996BD2017047700585A18 /* PBXTargetDependency */ = {
			isa = PBXTargetDependency;
			target = 1C1996A62017047600585A18 /* alamofireplayground */;
			targetProxy = 1C1996BC2017047700585A18 /* PBXContainerItemProxy */;
		};
		1C1996C82017047700585A18 /* PBXTargetDependency */ = {
			isa = PBXTargetDependency;
			target = 1C1996A62017047600585A18 /* alamofireplayground */;
			targetProxy = 1C1996C72017047700585A18 /* PBXContainerItemProxy */;
		};
/* End PBXTargetDependency section */

/* Begin PBXVariantGroup section */
		1C1996AE2017047600585A18 /* Main.storyboard */ = {
			isa = PBXVariantGroup;
			children = (
				1C1996AF2017047600585A18 /* Base */,
			);
			name = Main.storyboard;
			sourceTree = "<group>";
		};
		1C1996B32017047600585A18 /* LaunchScreen.storyboard */ = {
			isa = PBXVariantGroup;
			children = (
				1C1996B42017047600585A18 /* Base */,
			);
			name = LaunchScreen.storyboard;
			sourceTree = "<group>";
		};
/* End PBXVariantGroup section */

/* Begin XCBuildConfiguration section */
		1C1996CD2017047700585A18 /* Debug */ = {
			isa = XCBuildConfiguration;
			buildSettings = {
				ALWAYS_SEARCH_USER_PATHS = NO;
				CLANG_ANALYZER_NONNULL = YES;
				CLANG_ANALYZER_NUMBER_OBJECT_CONVERSION = YES_AGGRESSIVE;
				CLANG_CXX_LANGUAGE_STANDARD = "gnu++14";
				CLANG_CXX_LIBRARY = "libc++";
				CLANG_ENABLE_MODULES = YES;
				CLANG_ENABLE_OBJC_ARC = YES;
				CLANG_WARN_BLOCK_CAPTURE_AUTORELEASING = YES;
				CLANG_WARN_BOOL_CONVERSION = YES;
				CLANG_WARN_COMMA = YES;
				CLANG_WARN_CONSTANT_CONVERSION = YES;
				CLANG_WARN_DIRECT_OBJC_ISA_USAGE = YES_ERROR;
				CLANG_WARN_DOCUMENTATION_COMMENTS = YES;
				CLANG_WARN_EMPTY_BODY = YES;
				CLANG_WARN_ENUM_CONVERSION = YES;
				CLANG_WARN_INFINITE_RECURSION = YES;
				CLANG_WARN_INT_CONVERSION = YES;
				CLANG_WARN_NON_LITERAL_NULL_CONVERSION = YES;
				CLANG_WARN_OBJC_LITERAL_CONVERSION = YES;
				CLANG_WARN_OBJC_ROOT_CLASS = YES_ERROR;
				CLANG_WARN_RANGE_LOOP_ANALYSIS = YES;
				CLANG_WARN_STRICT_PROTOTYPES = YES;
				CLANG_WARN_SUSPICIOUS_MOVE = YES;
				CLANG_WARN_UNGUARDED_AVAILABILITY = YES_AGGRESSIVE;
				CLANG_WARN_UNREACHABLE_CODE = YES;
				CLANG_WARN__DUPLICATE_METHOD_MATCH = YES;
				CODE_SIGN_IDENTITY = "iPhone Developer";
				COPY_PHASE_STRIP = NO;
				DEBUG_INFORMATION_FORMAT = dwarf;
				ENABLE_STRICT_OBJC_MSGSEND = YES;
				ENABLE_TESTABILITY = YES;
				GCC_C_LANGUAGE_STANDARD = gnu11;
				GCC_DYNAMIC_NO_PIC = NO;
				GCC_NO_COMMON_BLOCKS = YES;
				GCC_OPTIMIZATION_LEVEL = 0;
				GCC_PREPROCESSOR_DEFINITIONS = (
					"DEBUG=1",
					"$(inherited)",
				);
				GCC_WARN_64_TO_32_BIT_CONVERSION = YES;
				GCC_WARN_ABOUT_RETURN_TYPE = YES_ERROR;
				GCC_WARN_UNDECLARED_SELECTOR = YES;
				GCC_WARN_UNINITIALIZED_AUTOS = YES_AGGRESSIVE;
				GCC_WARN_UNUSED_FUNCTION = YES;
				GCC_WARN_UNUSED_VARIABLE = YES;
				IPHONEOS_DEPLOYMENT_TARGET = 11.2;
				MTL_ENABLE_DEBUG_INFO = YES;
				ONLY_ACTIVE_ARCH = YES;
				SDKROOT = iphoneos;
				SWIFT_ACTIVE_COMPILATION_CONDITIONS = DEBUG;
				SWIFT_OPTIMIZATION_LEVEL = "-Onone";
			};
			name = Debug;
		};
		1C1996CE2017047700585A18 /* Release */ = {
			isa = XCBuildConfiguration;
			buildSettings = {
				ALWAYS_SEARCH_USER_PATHS = NO;
				CLANG_ANALYZER_NONNULL = YES;
				CLANG_ANALYZER_NUMBER_OBJECT_CONVERSION = YES_AGGRESSIVE;
				CLANG_CXX_LANGUAGE_STANDARD = "gnu++14";
				CLANG_CXX_LIBRARY = "libc++";
				CLANG_ENABLE_MODULES = YES;
				CLANG_ENABLE_OBJC_ARC = YES;
				CLANG_WARN_BLOCK_CAPTURE_AUTORELEASING = YES;
				CLANG_WARN_BOOL_CONVERSION = YES;
				CLANG_WARN_COMMA = YES;
				CLANG_WARN_CONSTANT_CONVERSION = YES;
				CLANG_WARN_DIRECT_OBJC_ISA_USAGE = YES_ERROR;
				CLANG_WARN_DOCUMENTATION_COMMENTS = YES;
				CLANG_WARN_EMPTY_BODY = YES;
				CLANG_WARN_ENUM_CONVERSION = YES;
				CLANG_WARN_INFINITE_RECURSION = YES;
				CLANG_WARN_INT_CONVERSION = YES;
				CLANG_WARN_NON_LITERAL_NULL_CONVERSION = YES;
				CLANG_WARN_OBJC_LITERAL_CONVERSION = YES;
				CLANG_WARN_OBJC_ROOT_CLASS = YES_ERROR;
				CLANG_WARN_RANGE_LOOP_ANALYSIS = YES;
				CLANG_WARN_STRICT_PROTOTYPES = YES;
				CLANG_WARN_SUSPICIOUS_MOVE = YES;
				CLANG_WARN_UNGUARDED_AVAILABILITY = YES_AGGRESSIVE;
				CLANG_WARN_UNREACHABLE_CODE = YES;
				CLANG_WARN__DUPLICATE_METHOD_MATCH = YES;
				CODE_SIGN_IDENTITY = "iPhone Developer";
				COPY_PHASE_STRIP = NO;
				DEBUG_INFORMATION_FORMAT = "dwarf-with-dsym";
				ENABLE_NS_ASSERTIONS = NO;
				ENABLE_STRICT_OBJC_MSGSEND = YES;
				GCC_C_LANGUAGE_STANDARD = gnu11;
				GCC_NO_COMMON_BLOCKS = YES;
				GCC_WARN_64_TO_32_BIT_CONVERSION = YES;
				GCC_WARN_ABOUT_RETURN_TYPE = YES_ERROR;
				GCC_WARN_UNDECLARED_SELECTOR = YES;
				GCC_WARN_UNINITIALIZED_AUTOS = YES_AGGRESSIVE;
				GCC_WARN_UNUSED_FUNCTION = YES;
				GCC_WARN_UNUSED_VARIABLE = YES;
				IPHONEOS_DEPLOYMENT_TARGET = 11.2;
				MTL_ENABLE_DEBUG_INFO = NO;
				SDKROOT = iphoneos;
				SWIFT_OPTIMIZATION_LEVEL = "-Owholemodule";
				VALIDATE_PRODUCT = YES;
			};
			name = Release;
		};
		1C1996D02017047700585A18 /* Debug */ = {
			isa = XCBuildConfiguration;
			buildSettings = {
				ASSETCATALOG_COMPILER_APPICON_NAME = AppIcon;
				CODE_SIGN_STYLE = Automatic;
				DEVELOPMENT_TEAM = 6K559Y986U;
				INFOPLIST_FILE = alamofireplayground/Info.plist;
				LD_RUNPATH_SEARCH_PATHS = "$(inherited) @executable_path/Frameworks";
				PRODUCT_BUNDLE_IDENTIFIER = com.snowyla..alamofireplayground;
				PRODUCT_NAME = "$(TARGET_NAME)";
				SWIFT_VERSION = 4.0;
				TARGETED_DEVICE_FAMILY = "1,2";
			};
			name = Debug;
		};
		1C1996D12017047700585A18 /* Release */ = {
			isa = XCBuildConfiguration;
			buildSettings = {
				ASSETCATALOG_COMPILER_APPICON_NAME = AppIcon;
				CODE_SIGN_STYLE = Automatic;
				DEVELOPMENT_TEAM = 6K559Y986U;
				INFOPLIST_FILE = alamofireplayground/Info.plist;
				LD_RUNPATH_SEARCH_PATHS = "$(inherited) @executable_path/Frameworks";
				PRODUCT_BUNDLE_IDENTIFIER = com.snowyla..alamofireplayground;
				PRODUCT_NAME = "$(TARGET_NAME)";
				SWIFT_VERSION = 4.0;
				TARGETED_DEVICE_FAMILY = "1,2";
			};
			name = Release;
		};
		1C1996D32017047700585A18 /* Debug */ = {
			isa = XCBuildConfiguration;
			buildSettings = {
				ALWAYS_EMBED_SWIFT_STANDARD_LIBRARIES = YES;
				BUNDLE_LOADER = "$(TEST_HOST)";
				CODE_SIGN_STYLE = Automatic;
				DEVELOPMENT_TEAM = 6K559Y986U;
				INFOPLIST_FILE = alamofireplaygroundTests/Info.plist;
				LD_RUNPATH_SEARCH_PATHS = "$(inherited) @executable_path/Frameworks @loader_path/Frameworks";
				PRODUCT_BUNDLE_IDENTIFIER = com.snowyla..alamofireplaygroundTests;
				PRODUCT_NAME = "$(TARGET_NAME)";
				SWIFT_VERSION = 4.0;
				TARGETED_DEVICE_FAMILY = "1,2";
				TEST_HOST = "$(BUILT_PRODUCTS_DIR)/alamofireplayground.app/alamofireplayground";
			};
			name = Debug;
		};
		1C1996D42017047700585A18 /* Release */ = {
			isa = XCBuildConfiguration;
			buildSettings = {
				ALWAYS_EMBED_SWIFT_STANDARD_LIBRARIES = YES;
				BUNDLE_LOADER = "$(TEST_HOST)";
				CODE_SIGN_STYLE = Automatic;
				DEVELOPMENT_TEAM = 6K559Y986U;
				INFOPLIST_FILE = alamofireplaygroundTests/Info.plist;
				LD_RUNPATH_SEARCH_PATHS = "$(inherited) @executable_path/Frameworks @loader_path/Frameworks";
				PRODUCT_BUNDLE_IDENTIFIER = com.snowyla..alamofireplaygroundTests;
				PRODUCT_NAME = "$(TARGET_NAME)";
				SWIFT_VERSION = 4.0;
				TARGETED_DEVICE_FAMILY = "1,2";
				TEST_HOST = "$(BUILT_PRODUCTS_DIR)/alamofireplayground.app/alamofireplayground";
			};
			name = Release;
		};
		1C1996D62017047700585A18 /* Debug */ = {
			isa = XCBuildConfiguration;
			buildSettings = {
				ALWAYS_EMBED_SWIFT_STANDARD_LIBRARIES = YES;
				CODE_SIGN_STYLE = Automatic;
				DEVELOPMENT_TEAM = 6K559Y986U;
				INFOPLIST_FILE = alamofireplaygroundUITests/Info.plist;
				LD_RUNPATH_SEARCH_PATHS = "$(inherited) @executable_path/Frameworks @loader_path/Frameworks";
				PRODUCT_BUNDLE_IDENTIFIER = com.snowyla..alamofireplaygroundUITests;
				PRODUCT_NAME = "$(TARGET_NAME)";
				SWIFT_VERSION = 4.0;
				TARGETED_DEVICE_FAMILY = "1,2";
				TEST_TARGET_NAME = alamofireplayground;
			};
			name = Debug;
		};
		1C1996D72017047700585A18 /* Release */ = {
			isa = XCBuildConfiguration;
			buildSettings = {
				ALWAYS_EMBED_SWIFT_STANDARD_LIBRARIES = YES;
				CODE_SIGN_STYLE = Automatic;
				DEVELOPMENT_TEAM = 6K559Y986U;
				INFOPLIST_FILE = alamofireplaygroundUITests/Info.plist;
				LD_RUNPATH_SEARCH_PATHS = "$(inherited) @executable_path/Frameworks @loader_path/Frameworks";
				PRODUCT_BUNDLE_IDENTIFIER = com.snowyla..alamofireplaygroundUITests;
				PRODUCT_NAME = "$(TARGET_NAME)";
				SWIFT_VERSION = 4.0;
				TARGETED_DEVICE_FAMILY = "1,2";
				TEST_TARGET_NAME = alamofireplayground;
			};
			name = Release;
		};
/* End XCBuildConfiguration section */

/* Begin XCConfigurationList section */
		1C1996A22017047600585A18 /* Build configuration list for PBXProject "alamofireplayground" */ = {
			isa = XCConfigurationList;
			buildConfigurations = (
				1C1996CD2017047700585A18 /* Debug */,
				1C1996CE2017047700585A18 /* Release */,
			);
			defaultConfigurationIsVisible = 0;
			defaultConfigurationName = Release;
		};
		1C1996CF2017047700585A18 /* Build configuration list for PBXNativeTarget "alamofireplayground" */ = {
			isa = XCConfigurationList;
			buildConfigurations = (
				1C1996D02017047700585A18 /* Debug */,
				1C1996D12017047700585A18 /* Release */,
			);
			defaultConfigurationIsVisible = 0;
			defaultConfigurationName = Release;
		};
		1C1996D22017047700585A18 /* Build configuration list for PBXNativeTarget "alamofireplaygroundTests" */ = {
			isa = XCConfigurationList;
			buildConfigurations = (
				1C1996D32017047700585A18 /* Debug */,
				1C1996D42017047700585A18 /* Release */,
			);
			defaultConfigurationIsVisible = 0;
			defaultConfigurationName = Release;
		};
		1C1996D52017047700585A18 /* Build configuration list for PBXNativeTarget "alamofireplaygroundUITests" */ = {
			isa = XCConfigurationList;
			buildConfigurations = (
				1C1996D62017047700585A18 /* Debug */,
				1C1996D72017047700585A18 /* Release */,
			);
			defaultConfigurationIsVisible = 0;
			defaultConfigurationName = Release;
		};
/* End XCConfigurationList section */
	};
	rootObject = 1C19969F2017047600585A18 /* Project object */;
}
